
Microsoft Visual Studio Solution File, Format Version 12.00
# Visual Studio Version 16
VisualStudioVersion = 16.0.31313.79
MinimumVisualStudioVersion = 10.0.40219.1
Project("{FAE04EC0-301F-11D3-BF4B-00C04F79EFBC}") = "Лаба4 Комп граф", "Лаба4 Комп граф\Лаба4 Комп граф.csproj", "{AB570619-C406-470B-B486-5BB7A0090602}"
EndProject
Global
	GlobalSection(SolutionConfigurationPlatforms) = preSolution
		Debug|Any CPU = Debug|Any CPU
		Release|Any CPU = Release|Any CPU
	EndGlobalSection
	GlobalSection(ProjectConfigurationPlatforms) = postSolution
		{AB570619-C406-470B-B486-5BB7A0090602}.Debug|Any CPU.ActiveCfg = Debug|Any CPU
		{AB570619-C406-470B-B486-5BB7A0090602}.Debug|Any CPU.Build.0 = Debug|Any CPU
		{AB570619-C406-470B-B486-5BB7A0090602}.Release|Any CPU.ActiveCfg = Release|Any CPU
		{AB570619-C406-470B-B486-5BB7A0090602}.Release|Any CPU.Build.0 = Release|Any CPU
	EndGlobalSection
	GlobalSection(SolutionProperties) = preSolution
		HideSolutionNode = FALSE
	EndGlobalSection
	GlobalSection(ExtensibilityGlobals) = postSolution
		SolutionGuid = {DA2A025B-AF04-4506-B0BD-6F4E2D03836F}
	EndGlobalSection
EndGlobal
